
Microsoft Visual Studio Solution File, Format Version 12.00
# Visual Studio Version 17
VisualStudioVersion = 17.13.35913.81 d17.13
MinimumVisualStudioVersion = 10.0.40219.1
Project("{FAE04EC0-301F-11D3-BF4B-00C04F79EFBC}") = "carRentalSystem", "carRentalSystem\carRentalSystem.csproj", "{1DA1EE5F-69A7-4CD6-8369-E8C9D41015FE}"
EndProject
Global
	GlobalSection(SolutionConfigurationPlatforms) = preSolution
		Debug|Any CPU = Debug|Any CPU
		Release|Any CPU = Release|Any CPU
	EndGlobalSection
	GlobalSection(ProjectConfigurationPlatforms) = postSolution
		{1DA1EE5F-69A7-4CD6-8369-E8C9D41015FE}.Debug|Any CPU.ActiveCfg = Debug|Any CPU
		{1DA1EE5F-69A7-4CD6-8369-E8C9D41015FE}.Debug|Any CPU.Build.0 = Debug|Any CPU
		{1DA1EE5F-69A7-4CD6-8369-E8C9D41015FE}.Release|Any CPU.ActiveCfg = Release|Any CPU
		{1DA1EE5F-69A7-4CD6-8369-E8C9D41015FE}.Release|Any CPU.Build.0 = Release|Any CPU
	EndGlobalSection
	GlobalSection(SolutionProperties) = preSolution
		HideSolutionNode = FALSE
	EndGlobalSection
	GlobalSection(ExtensibilityGlobals) = postSolution
		SolutionGuid = {0B175195-2D13-4A23-882B-606DC42B1215}
	EndGlobalSection
EndGlobal
